// !$*UTF8*$!
{
	archiveVersion = 1;
	classes = {
	};
	objectVersion = 46;
	objects = {

/* Begin PBXBuildFile section */
		6415FE771964A648002C3B7B /* recordButton.png in Resources */ = {isa = PBXBuildFile; fileRef = 6415FE731964A647002C3B7B /* recordButton.png */; };
		6415FE781964A648002C3B7B /* stopButton.png in Resources */ = {isa = PBXBuildFile; fileRef = 6415FE741964A647002C3B7B /* stopButton.png */; };
		6415FE791964A648002C3B7B /* playButton.png in Resources */ = {isa = PBXBuildFile; fileRef = 6415FE751964A648002C3B7B /* playButton.png */; };
		6415FE7A1964A648002C3B7B /* deleteButton.png in Resources */ = {isa = PBXBuildFile; fileRef = 6415FE761964A648002C3B7B /* deleteButton.png */; };
		641B80181958FE7D0064289F /* map1.png in Resources */ = {isa = PBXBuildFile; fileRef = 641B80171958FE7D0064289F /* map1.png */; };
		641B801A1958FF4F0064289F /* map2r.png in Resources */ = {isa = PBXBuildFile; fileRef = 641B80191958FF4F0064289F /* map2r.png */; };
		641B8020195902C50064289F /* map3r.png in Resources */ = {isa = PBXBuildFile; fileRef = 641B801F195902C50064289F /* map3r.png */; };
		64203A1B19610D2A00C652B2 /* PPProfilePopupView.xib in Resources */ = {isa = PBXBuildFile; fileRef = 64203A1A19610D2A00C652B2 /* PPProfilePopupView.xib */; };
		64203A1E19610D5F00C652B2 /* PPProfilePopupView.m in Sources */ = {isa = PBXBuildFile; fileRef = 64203A1D19610D5F00C652B2 /* PPProfilePopupView.m */; };
		6423F58F1951241C00C14934 /* AudioToolbox.framework in Frameworks */ = {isa = PBXBuildFile; fileRef = 6423F58E1951241C00C14934 /* AudioToolbox.framework */; };
		6423F5911951242D00C14934 /* CoreLocation.framework in Frameworks */ = {isa = PBXBuildFile; fileRef = 6423F5901951242D00C14934 /* CoreLocation.framework */; };
		6423F5931951243600C14934 /* libz.dylib in Frameworks */ = {isa = PBXBuildFile; fileRef = 6423F5921951243600C14934 /* libz.dylib */; };
		6423F5951951243E00C14934 /* MobileCoreServices.framework in Frameworks */ = {isa = PBXBuildFile; fileRef = 6423F5941951243E00C14934 /* MobileCoreServices.framework */; };
		6423F5971951244500C14934 /* QuartzCore.framework in Frameworks */ = {isa = PBXBuildFile; fileRef = 6423F5961951244500C14934 /* QuartzCore.framework */; };
		6423F5991951245000C14934 /* StoreKit.framework in Frameworks */ = {isa = PBXBuildFile; fileRef = 6423F5981951245000C14934 /* StoreKit.framework */; };
		6423F59B1951245900C14934 /* SystemConfiguration.framework in Frameworks */ = {isa = PBXBuildFile; fileRef = 6423F59A1951245900C14934 /* SystemConfiguration.framework */; };
		6423F59E195126F900C14934 /* PPUserRegistrationViewController.m in Sources */ = {isa = PBXBuildFile; fileRef = 6423F59D195126F900C14934 /* PPUserRegistrationViewController.m */; };
		6433125E195F9C5800290E02 /* cellBG.png in Resources */ = {isa = PBXBuildFile; fileRef = 6433125D195F9C5800290E02 /* cellBG.png */; };
		643434F81968C9B400600EF9 /* KeychainItemWrapper.m in Sources */ = {isa = PBXBuildFile; fileRef = 643434F71968C9B400600EF9 /* KeychainItemWrapper.m */; };
		645A1B46195B4F54004657B2 /* AFHTTPRequestOperation.m in Sources */ = {isa = PBXBuildFile; fileRef = 645A1B34195B4F54004657B2 /* AFHTTPRequestOperation.m */; };
		645A1B47195B4F54004657B2 /* AFHTTPRequestOperationManager.m in Sources */ = {isa = PBXBuildFile; fileRef = 645A1B36195B4F54004657B2 /* AFHTTPRequestOperationManager.m */; };
		645A1B48195B4F54004657B2 /* AFHTTPSessionManager.m in Sources */ = {isa = PBXBuildFile; fileRef = 645A1B38195B4F54004657B2 /* AFHTTPSessionManager.m */; };
		645A1B49195B4F54004657B2 /* AFNetworkReachabilityManager.m in Sources */ = {isa = PBXBuildFile; fileRef = 645A1B3B195B4F54004657B2 /* AFNetworkReachabilityManager.m */; };
		645A1B4A195B4F54004657B2 /* AFSecurityPolicy.m in Sources */ = {isa = PBXBuildFile; fileRef = 645A1B3D195B4F54004657B2 /* AFSecurityPolicy.m */; };
		645A1B4B195B4F54004657B2 /* AFURLConnectionOperation.m in Sources */ = {isa = PBXBuildFile; fileRef = 645A1B3F195B4F54004657B2 /* AFURLConnectionOperation.m */; };
		645A1B4C195B4F54004657B2 /* AFURLRequestSerialization.m in Sources */ = {isa = PBXBuildFile; fileRef = 645A1B41195B4F54004657B2 /* AFURLRequestSerialization.m */; };
		645A1B4D195B4F54004657B2 /* AFURLResponseSerialization.m in Sources */ = {isa = PBXBuildFile; fileRef = 645A1B43195B4F54004657B2 /* AFURLResponseSerialization.m */; };
		645A1B4E195B4F54004657B2 /* AFURLSessionManager.m in Sources */ = {isa = PBXBuildFile; fileRef = 645A1B45195B4F54004657B2 /* AFURLSessionManager.m */; };
		645A1B63195B54EB004657B2 /* DDXMLElementAdditions.m in Sources */ = {isa = PBXBuildFile; fileRef = 645A1B56195B54EB004657B2 /* DDXMLElementAdditions.m */; };
		645A1B64195B54EB004657B2 /* NSString+DDXML.m in Sources */ = {isa = PBXBuildFile; fileRef = 645A1B59195B54EB004657B2 /* NSString+DDXML.m */; };
		645A1B65195B54EB004657B2 /* DDXMLDocument.m in Sources */ = {isa = PBXBuildFile; fileRef = 645A1B5C195B54EB004657B2 /* DDXMLDocument.m */; };
		645A1B66195B54EB004657B2 /* DDXMLElement.m in Sources */ = {isa = PBXBuildFile; fileRef = 645A1B5E195B54EB004657B2 /* DDXMLElement.m */; };
		645A1B67195B54EB004657B2 /* DDXMLNode.m in Sources */ = {isa = PBXBuildFile; fileRef = 645A1B60195B54EB004657B2 /* DDXMLNode.m */; };
		645A1B6A195B5A72004657B2 /* PPDatabaseManager.m in Sources */ = {isa = PBXBuildFile; fileRef = 645A1B69195B5A72004657B2 /* PPDatabaseManager.m */; };
		645A1B6F195C887F004657B2 /* quotes.plist in Resources */ = {isa = PBXBuildFile; fileRef = 645A1B6E195C887F004657B2 /* quotes.plist */; };
		645A1B72195CA99C004657B2 /* PPMessagesComposeViewController.m in Sources */ = {isa = PBXBuildFile; fileRef = 645A1B71195CA99C004657B2 /* PPMessagesComposeViewController.m */; };
		645A1B75195D2FC1004657B2 /* PPMessagesWorkInProgressViewController.m in Sources */ = {isa = PBXBuildFile; fileRef = 645A1B74195D2FC1004657B2 /* PPMessagesWorkInProgressViewController.m */; };
		645A1B78195D2FDE004657B2 /* PPMessagesSavedViewController.m in Sources */ = {isa = PBXBuildFile; fileRef = 645A1B77195D2FDE004657B2 /* PPMessagesSavedViewController.m */; };
		64763E93196201F300C757CE /* messageButton.png in Resources */ = {isa = PBXBuildFile; fileRef = 64763E92196201F300C757CE /* messageButton.png */; };
		64763E951962024A00C757CE /* palsButton.png in Resources */ = {isa = PBXBuildFile; fileRef = 64763E941962024A00C757CE /* palsButton.png */; };
		64763E97196204AE00C757CE /* backButton.png in Resources */ = {isa = PBXBuildFile; fileRef = 64763E96196204AE00C757CE /* backButton.png */; };
		64763E991962057B00C757CE /* searchPalsButton.png in Resources */ = {isa = PBXBuildFile; fileRef = 64763E981962057B00C757CE /* searchPalsButton.png */; };
		6481537B1953AB7200D0B3F0 /* SWRevealViewController.m in Sources */ = {isa = PBXBuildFile; fileRef = 6481537A1953AB7200D0B3F0 /* SWRevealViewController.m */; };
		6481537E1953ABBB00D0B3F0 /* PPMessagesMainViewController.m in Sources */ = {isa = PBXBuildFile; fileRef = 6481537D1953ABBB00D0B3F0 /* PPMessagesMainViewController.m */; };
		648153811953ABCC00D0B3F0 /* PPMessagesMenuViewController.m in Sources */ = {isa = PBXBuildFile; fileRef = 648153801953ABCC00D0B3F0 /* PPMessagesMenuViewController.m */; };
		648153871953BEF500D0B3F0 /* menu.png in Resources */ = {isa = PBXBuildFile; fileRef = 648153851953BEF500D0B3F0 /* menu.png */; };
		648153881953BEF500D0B3F0 /* menu@2x.png in Resources */ = {isa = PBXBuildFile; fileRef = 648153861953BEF500D0B3F0 /* menu@2x.png */; };
		6481538E1953E87F00D0B3F0 /* Noteworthy.ttc in Resources */ = {isa = PBXBuildFile; fileRef = 6481538D1953E86F00D0B3F0 /* Noteworthy.ttc */; };
		6487B434194FAAE500F526E4 /* CFNetwork.framework in Frameworks */ = {isa = PBXBuildFile; fileRef = 6487B433194FAAE500F526E4 /* CFNetwork.framework */; };
		6487B436194FAAF200F526E4 /* Security.framework in Frameworks */ = {isa = PBXBuildFile; fileRef = 6487B435194FAAF200F526E4 /* Security.framework */; };
		6487B4A9194FAC6400F526E4 /* libresolv.dylib in Frameworks */ = {isa = PBXBuildFile; fileRef = 6487B4A8194FAC6400F526E4 /* libresolv.dylib */; };
		648985711954CE66004C0286 /* PPPalsViewController.m in Sources */ = {isa = PBXBuildFile; fileRef = 648985701954CE66004C0286 /* PPPalsViewController.m */; };
		648985781954FAF5004C0286 /* PPPalTableViewCell.m in Sources */ = {isa = PBXBuildFile; fileRef = 648985761954FAF5004C0286 /* PPPalTableViewCell.m */; };
		648C84301963115E009872D9 /* MapKit.framework in Frameworks */ = {isa = PBXBuildFile; fileRef = 648C842F1963115E009872D9 /* MapKit.framework */; };
		648C843419631484009872D9 /* PPMessageLocation.m in Sources */ = {isa = PBXBuildFile; fileRef = 648C843319631484009872D9 /* PPMessageLocation.m */; };
		648C843A19631ADC009872D9 /* mapPin.png in Resources */ = {isa = PBXBuildFile; fileRef = 648C843919631ADC009872D9 /* mapPin.png */; };
		648C843E196391EB009872D9 /* Login_Screen.png in Resources */ = {isa = PBXBuildFile; fileRef = 648C843D196391EB009872D9 /* Login_Screen.png */; };
		6492F340195E398700F950AF /* PPMessagePopupView.m in Sources */ = {isa = PBXBuildFile; fileRef = 6492F33F195E398700F950AF /* PPMessagePopupView.m */; };
		6492F342195E39F700F950AF /* PPMessagePopupView.xib in Resources */ = {isa = PBXBuildFile; fileRef = 6492F341195E39F700F950AF /* PPMessagePopupView.xib */; };
		6492F345195E5A8500F950AF /* PPReplyPopupView.m in Sources */ = {isa = PBXBuildFile; fileRef = 6492F344195E5A8500F950AF /* PPReplyPopupView.m */; };
		6492F347195E5A9E00F950AF /* PPReplyPopupView.xib in Resources */ = {isa = PBXBuildFile; fileRef = 6492F346195E5A9E00F950AF /* PPReplyPopupView.xib */; };
		649547D2195657DE00349DC4 /* background.png in Resources */ = {isa = PBXBuildFile; fileRef = 649547D1195657DE00349DC4 /* background.png */; };
		649547D819565BB100349DC4 /* languagesButton.png in Resources */ = {isa = PBXBuildFile; fileRef = 649547D719565BB100349DC4 /* languagesButton.png */; };
		649547DF195677B200349DC4 /* Main_iPhone.storyboard in Resources */ = {isa = PBXBuildFile; fileRef = 649547E1195677B200349DC4 /* Main_iPhone.storyboard */; };
		649547E819567FEE00349DC4 /* PPLanguageTableViewCell.xib in Resources */ = {isa = PBXBuildFile; fileRef = 649547EA19567FEE00349DC4 /* PPLanguageTableViewCell.xib */; };
		649547EF1956826A00349DC4 /* PPPalTableViewCell.xib in Resources */ = {isa = PBXBuildFile; fileRef = 649547F11956826A00349DC4 /* PPPalTableViewCell.xib */; };
		649547F6195682A700349DC4 /* PPMessageTableViewCell.xib in Resources */ = {isa = PBXBuildFile; fileRef = 649547F8195682A700349DC4 /* PPMessageTableViewCell.xib */; };
		649548061956907600349DC4 /* PPFindPalsViewController.m in Sources */ = {isa = PBXBuildFile; fileRef = 649548051956907600349DC4 /* PPFindPalsViewController.m */; };
		64A1E88D19520AAC00620BA1 /* PPNavigationController.m in Sources */ = {isa = PBXBuildFile; fileRef = 64A1E88C19520AAC00620BA1 /* PPNavigationController.m */; };
		64A1E89119520EB000620BA1 /* PPTopReplaceSegue.m in Sources */ = {isa = PBXBuildFile; fileRef = 64A1E89019520EB000620BA1 /* PPTopReplaceSegue.m */; };
		64A1E894195216F100620BA1 /* PPProfileViewController.m in Sources */ = {isa = PBXBuildFile; fileRef = 64A1E893195216F100620BA1 /* PPProfileViewController.m */; };
		64A1E89A1952265700620BA1 /* PPMessageTableViewCell.m in Sources */ = {isa = PBXBuildFile; fileRef = 64A1E8981952265700620BA1 /* PPMessageTableViewCell.m */; };
		64AF9D7419575047007EF924 /* PPDataShare.m in Sources */ = {isa = PBXBuildFile; fileRef = 64AF9D7319575047007EF924 /* PPDataShare.m */; };
		64AF9D7619576F35007EF924 /* deletePalButton.png in Resources */ = {isa = PBXBuildFile; fileRef = 64AF9D7519576F35007EF924 /* deletePalButton.png */; };
		64AF9D7819576F3F007EF924 /* addPalButton.png in Resources */ = {isa = PBXBuildFile; fileRef = 64AF9D7719576F3F007EF924 /* addPalButton.png */; };
		64AF9D8019579BBB007EF924 /* PPBottomReplaceSegue.m in Sources */ = {isa = PBXBuildFile; fileRef = 64AF9D7F19579BBB007EF924 /* PPBottomReplaceSegue.m */; };
		64AF9D831957A449007EF924 /* PPRightReplaceSegue.m in Sources */ = {isa = PBXBuildFile; fileRef = 64AF9D821957A449007EF924 /* PPRightReplaceSegue.m */; };
		64AF9D861957AAC9007EF924 /* PPLeftReplaceSegue.m in Sources */ = {isa = PBXBuildFile; fileRef = 64AF9D851957AAC9007EF924 /* PPLeftReplaceSegue.m */; };
		64BFB63B1944183300D11E88 /* Foundation.framework in Frameworks */ = {isa = PBXBuildFile; fileRef = 64BFB63A1944183300D11E88 /* Foundation.framework */; };
		64BFB63D1944183300D11E88 /* CoreGraphics.framework in Frameworks */ = {isa = PBXBuildFile; fileRef = 64BFB63C1944183300D11E88 /* CoreGraphics.framework */; };
		64BFB63F1944183300D11E88 /* UIKit.framework in Frameworks */ = {isa = PBXBuildFile; fileRef = 64BFB63E1944183300D11E88 /* UIKit.framework */; };
		64BFB6451944183300D11E88 /* InfoPlist.strings in Resources */ = {isa = PBXBuildFile; fileRef = 64BFB6431944183300D11E88 /* InfoPlist.strings */; };
		64BFB6471944183300D11E88 /* main.m in Sources */ = {isa = PBXBuildFile; fileRef = 64BFB6461944183300D11E88 /* main.m */; };
		64BFB64B1944183300D11E88 /* PPAppDelegate.m in Sources */ = {isa = PBXBuildFile; fileRef = 64BFB64A1944183300D11E88 /* PPAppDelegate.m */; };
		64BFB6511944183300D11E88 /* Main_iPad.storyboard in Resources */ = {isa = PBXBuildFile; fileRef = 64BFB64F1944183300D11E88 /* Main_iPad.storyboard */; };
		64BFB6541944183300D11E88 /* PPLoginViewController.m in Sources */ = {isa = PBXBuildFile; fileRef = 64BFB6531944183300D11E88 /* PPLoginViewController.m */; };
		64BFB6561944183300D11E88 /* Images.xcassets in Resources */ = {isa = PBXBuildFile; fileRef = 64BFB6551944183300D11E88 /* Images.xcassets */; };
		64BFB65D1944183300D11E88 /* XCTest.framework in Frameworks */ = {isa = PBXBuildFile; fileRef = 64BFB65C1944183300D11E88 /* XCTest.framework */; };
		64BFB65E1944183300D11E88 /* Foundation.framework in Frameworks */ = {isa = PBXBuildFile; fileRef = 64BFB63A1944183300D11E88 /* Foundation.framework */; };
		64BFB65F1944183300D11E88 /* UIKit.framework in Frameworks */ = {isa = PBXBuildFile; fileRef = 64BFB63E1944183300D11E88 /* UIKit.framework */; };
		64BFB6671944183300D11E88 /* InfoPlist.strings in Resources */ = {isa = PBXBuildFile; fileRef = 64BFB6651944183300D11E88 /* InfoPlist.strings */; };
		64BFB6691944183300D11E88 /* Parler_PalTests.m in Sources */ = {isa = PBXBuildFile; fileRef = 64BFB6681944183300D11E88 /* Parler_PalTests.m */; };
		64BFB674194429C500D11E88 /* PPMainViewController.m in Sources */ = {isa = PBXBuildFile; fileRef = 64BFB673194429C500D11E88 /* PPMainViewController.m */; };
		64F780CE195270F80028A8D6 /* PPLanguageTableViewCell.m in Sources */ = {isa = PBXBuildFile; fileRef = 64F780CC195270F80028A8D6 /* PPLanguageTableViewCell.m */; };
		64F780D2195272BB0028A8D6 /* PPLanguagesViewController.m in Sources */ = {isa = PBXBuildFile; fileRef = 64F780D1195272BB0028A8D6 /* PPLanguagesViewController.m */; };
		64F780D419527CBB0028A8D6 /* SupportedLanguages.plist in Resources */ = {isa = PBXBuildFile; fileRef = 64F780D319527CBB0028A8D6 /* SupportedLanguages.plist */; };
		64FC116A1958D61F00915A00 /* stripeBar.png in Resources */ = {isa = PBXBuildFile; fileRef = 64FC11691958D61F00915A00 /* stripeBar.png */; };
		64FC116C1958D83800915A00 /* paper.png in Resources */ = {isa = PBXBuildFile; fileRef = 64FC116B1958D83700915A00 /* paper.png */; };
/* End PBXBuildFile section */

/* Begin PBXContainerItemProxy section */
		64BFB6601944183300D11E88 /* PBXContainerItemProxy */ = {
			isa = PBXContainerItemProxy;
			containerPortal = 64BFB62F1944183300D11E88 /* Project object */;
			proxyType = 1;
			remoteGlobalIDString = 64BFB6361944183300D11E88;
			remoteInfo = "Parler Pal";
		};
/* End PBXContainerItemProxy section */

/* Begin PBXFileReference section */
		6415FE731964A647002C3B7B /* recordButton.png */ = {isa = PBXFileReference; lastKnownFileType = image.png; path = recordButton.png; sourceTree = "<group>"; };
		6415FE741964A647002C3B7B /* stopButton.png */ = {isa = PBXFileReference; lastKnownFileType = image.png; path = stopButton.png; sourceTree = "<group>"; };
		6415FE751964A648002C3B7B /* playButton.png */ = {isa = PBXFileReference; lastKnownFileType = image.png; path = playButton.png; sourceTree = "<group>"; };
		6415FE761964A648002C3B7B /* deleteButton.png */ = {isa = PBXFileReference; lastKnownFileType = image.png; path = deleteButton.png; sourceTree = "<group>"; };
		641B80171958FE7D0064289F /* map1.png */ = {isa = PBXFileReference; lastKnownFileType = image.png; path = map1.png; sourceTree = "<group>"; };
		641B80191958FF4F0064289F /* map2r.png */ = {isa = PBXFileReference; lastKnownFileType = image.png; path = map2r.png; sourceTree = "<group>"; };
		641B801F195902C50064289F /* map3r.png */ = {isa = PBXFileReference; lastKnownFileType = image.png; path = map3r.png; sourceTree = "<group>"; };
		64203A1A19610D2A00C652B2 /* PPProfilePopupView.xib */ = {isa = PBXFileReference; fileEncoding = 4; lastKnownFileType = file.xib; path = PPProfilePopupView.xib; sourceTree = "<group>"; };
		64203A1C19610D5F00C652B2 /* PPProfilePopupView.h */ = {isa = PBXFileReference; fileEncoding = 4; lastKnownFileType = sourcecode.c.h; path = PPProfilePopupView.h; sourceTree = "<group>"; };
		64203A1D19610D5F00C652B2 /* PPProfilePopupView.m */ = {isa = PBXFileReference; fileEncoding = 4; lastKnownFileType = sourcecode.c.objc; path = PPProfilePopupView.m; sourceTree = "<group>"; };
		6423F58E1951241C00C14934 /* AudioToolbox.framework */ = {isa = PBXFileReference; lastKnownFileType = wrapper.framework; name = AudioToolbox.framework; path = System/Library/Frameworks/AudioToolbox.framework; sourceTree = SDKROOT; };
		6423F5901951242D00C14934 /* CoreLocation.framework */ = {isa = PBXFileReference; lastKnownFileType = wrapper.framework; name = CoreLocation.framework; path = System/Library/Frameworks/CoreLocation.framework; sourceTree = SDKROOT; };
		6423F5921951243600C14934 /* libz.dylib */ = {isa = PBXFileReference; lastKnownFileType = "compiled.mach-o.dylib"; name = libz.dylib; path = usr/lib/libz.dylib; sourceTree = SDKROOT; };
		6423F5941951243E00C14934 /* MobileCoreServices.framework */ = {isa = PBXFileReference; lastKnownFileType = wrapper.framework; name = MobileCoreServices.framework; path = System/Library/Frameworks/MobileCoreServices.framework; sourceTree = SDKROOT; };
		6423F5961951244500C14934 /* QuartzCore.framework */ = {isa = PBXFileReference; lastKnownFileType = wrapper.framework; name = QuartzCore.framework; path = System/Library/Frameworks/QuartzCore.framework; sourceTree = SDKROOT; };
		6423F5981951245000C14934 /* StoreKit.framework */ = {isa = PBXFileReference; lastKnownFileType = wrapper.framework; name = StoreKit.framework; path = System/Library/Frameworks/StoreKit.framework; sourceTree = SDKROOT; };
		6423F59A1951245900C14934 /* SystemConfiguration.framework */ = {isa = PBXFileReference; lastKnownFileType = wrapper.framework; name = SystemConfiguration.framework; path = System/Library/Frameworks/SystemConfiguration.framework; sourceTree = SDKROOT; };
		6423F59C195126F900C14934 /* PPUserRegistrationViewController.h */ = {isa = PBXFileReference; fileEncoding = 4; lastKnownFileType = sourcecode.c.h; path = PPUserRegistrationViewController.h; sourceTree = "<group>"; };
		6423F59D195126F900C14934 /* PPUserRegistrationViewController.m */ = {isa = PBXFileReference; fileEncoding = 4; lastKnownFileType = sourcecode.c.objc; path = PPUserRegistrationViewController.m; sourceTree = "<group>"; };
		6433125D195F9C5800290E02 /* cellBG.png */ = {isa = PBXFileReference; lastKnownFileType = image.png; path = cellBG.png; sourceTree = "<group>"; };
		643434F61968C9B400600EF9 /* KeychainItemWrapper.h */ = {isa = PBXFileReference; fileEncoding = 4; lastKnownFileType = sourcecode.c.h; path = KeychainItemWrapper.h; sourceTree = "<group>"; };
		643434F71968C9B400600EF9 /* KeychainItemWrapper.m */ = {isa = PBXFileReference; fileEncoding = 4; lastKnownFileType = sourcecode.c.objc; path = KeychainItemWrapper.m; sourceTree = "<group>"; };
		645A1B33195B4F54004657B2 /* AFHTTPRequestOperation.h */ = {isa = PBXFileReference; fileEncoding = 4; lastKnownFileType = sourcecode.c.h; path = AFHTTPRequestOperation.h; sourceTree = "<group>"; };
		645A1B34195B4F54004657B2 /* AFHTTPRequestOperation.m */ = {isa = PBXFileReference; fileEncoding = 4; lastKnownFileType = sourcecode.c.objc; path = AFHTTPRequestOperation.m; sourceTree = "<group>"; };
		645A1B35195B4F54004657B2 /* AFHTTPRequestOperationManager.h */ = {isa = PBXFileReference; fileEncoding = 4; lastKnownFileType = sourcecode.c.h; path = AFHTTPRequestOperationManager.h; sourceTree = "<group>"; };
		645A1B36195B4F54004657B2 /* AFHTTPRequestOperationManager.m */ = {isa = PBXFileReference; fileEncoding = 4; lastKnownFileType = sourcecode.c.objc; path = AFHTTPRequestOperationManager.m; sourceTree = "<group>"; };
		645A1B37195B4F54004657B2 /* AFHTTPSessionManager.h */ = {isa = PBXFileReference; fileEncoding = 4; lastKnownFileType = sourcecode.c.h; path = AFHTTPSessionManager.h; sourceTree = "<group>"; };
		645A1B38195B4F54004657B2 /* AFHTTPSessionManager.m */ = {isa = PBXFileReference; fileEncoding = 4; lastKnownFileType = sourcecode.c.objc; path = AFHTTPSessionManager.m; sourceTree = "<group>"; };
		645A1B39195B4F54004657B2 /* AFNetworking.h */ = {isa = PBXFileReference; fileEncoding = 4; lastKnownFileType = sourcecode.c.h; path = AFNetworking.h; sourceTree = "<group>"; };
		645A1B3A195B4F54004657B2 /* AFNetworkReachabilityManager.h */ = {isa = PBXFileReference; fileEncoding = 4; lastKnownFileType = sourcecode.c.h; path = AFNetworkReachabilityManager.h; sourceTree = "<group>"; };
		645A1B3B195B4F54004657B2 /* AFNetworkReachabilityManager.m */ = {isa = PBXFileReference; fileEncoding = 4; lastKnownFileType = sourcecode.c.objc; path = AFNetworkReachabilityManager.m; sourceTree = "<group>"; };
		645A1B3C195B4F54004657B2 /* AFSecurityPolicy.h */ = {isa = PBXFileReference; fileEncoding = 4; lastKnownFileType = sourcecode.c.h; path = AFSecurityPolicy.h; sourceTree = "<group>"; };
		645A1B3D195B4F54004657B2 /* AFSecurityPolicy.m */ = {isa = PBXFileReference; fileEncoding = 4; lastKnownFileType = sourcecode.c.objc; path = AFSecurityPolicy.m; sourceTree = "<group>"; };
		645A1B3E195B4F54004657B2 /* AFURLConnectionOperation.h */ = {isa = PBXFileReference; fileEncoding = 4; lastKnownFileType = sourcecode.c.h; path = AFURLConnectionOperation.h; sourceTree = "<group>"; };
		645A1B3F195B4F54004657B2 /* AFURLConnectionOperation.m */ = {isa = PBXFileReference; fileEncoding = 4; lastKnownFileType = sourcecode.c.objc; path = AFURLConnectionOperation.m; sourceTree = "<group>"; };
		645A1B40195B4F54004657B2 /* AFURLRequestSerialization.h */ = {isa = PBXFileReference; fileEncoding = 4; lastKnownFileType = sourcecode.c.h; path = AFURLRequestSerialization.h; sourceTree = "<group>"; };
		645A1B41195B4F54004657B2 /* AFURLRequestSerialization.m */ = {isa = PBXFileReference; fileEncoding = 4; lastKnownFileType = sourcecode.c.objc; path = AFURLRequestSerialization.m; sourceTree = "<group>"; };
		645A1B42195B4F54004657B2 /* AFURLResponseSerialization.h */ = {isa = PBXFileReference; fileEncoding = 4; lastKnownFileType = sourcecode.c.h; path = AFURLResponseSerialization.h; sourceTree = "<group>"; };
		645A1B43195B4F54004657B2 /* AFURLResponseSerialization.m */ = {isa = PBXFileReference; fileEncoding = 4; lastKnownFileType = sourcecode.c.objc; path = AFURLResponseSerialization.m; sourceTree = "<group>"; };
		645A1B44195B4F54004657B2 /* AFURLSessionManager.h */ = {isa = PBXFileReference; fileEncoding = 4; lastKnownFileType = sourcecode.c.h; path = AFURLSessionManager.h; sourceTree = "<group>"; };
		645A1B45195B4F54004657B2 /* AFURLSessionManager.m */ = {isa = PBXFileReference; fileEncoding = 4; lastKnownFileType = sourcecode.c.objc; path = AFURLSessionManager.m; sourceTree = "<group>"; };
		645A1B55195B54EB004657B2 /* DDXMLElementAdditions.h */ = {isa = PBXFileReference; fileEncoding = 4; lastKnownFileType = sourcecode.c.h; path = DDXMLElementAdditions.h; sourceTree = "<group>"; };
		645A1B56195B54EB004657B2 /* DDXMLElementAdditions.m */ = {isa = PBXFileReference; fileEncoding = 4; lastKnownFileType = sourcecode.c.objc; path = DDXMLElementAdditions.m; sourceTree = "<group>"; };
		645A1B58195B54EB004657B2 /* NSString+DDXML.h */ = {isa = PBXFileReference; fileEncoding = 4; lastKnownFileType = sourcecode.c.h; path = "NSString+DDXML.h"; sourceTree = "<group>"; };
		645A1B59195B54EB004657B2 /* NSString+DDXML.m */ = {isa = PBXFileReference; fileEncoding = 4; lastKnownFileType = sourcecode.c.objc; path = "NSString+DDXML.m"; sourceTree = "<group>"; };
		645A1B5A195B54EB004657B2 /* DDXML.h */ = {isa = PBXFileReference; fileEncoding = 4; lastKnownFileType = sourcecode.c.h; path = DDXML.h; sourceTree = "<group>"; };
		645A1B5B195B54EB004657B2 /* DDXMLDocument.h */ = {isa = PBXFileReference; fileEncoding = 4; lastKnownFileType = sourcecode.c.h; path = DDXMLDocument.h; sourceTree = "<group>"; };
		645A1B5C195B54EB004657B2 /* DDXMLDocument.m */ = {isa = PBXFileReference; fileEncoding = 4; lastKnownFileType = sourcecode.c.objc; path = DDXMLDocument.m; sourceTree = "<group>"; };
		645A1B5D195B54EB004657B2 /* DDXMLElement.h */ = {isa = PBXFileReference; fileEncoding = 4; lastKnownFileType = sourcecode.c.h; path = DDXMLElement.h; sourceTree = "<group>"; };
		645A1B5E195B54EB004657B2 /* DDXMLElement.m */ = {isa = PBXFileReference; fileEncoding = 4; lastKnownFileType = sourcecode.c.objc; path = DDXMLElement.m; sourceTree = "<group>"; };
		645A1B5F195B54EB004657B2 /* DDXMLNode.h */ = {isa = PBXFileReference; fileEncoding = 4; lastKnownFileType = sourcecode.c.h; path = DDXMLNode.h; sourceTree = "<group>"; };
		645A1B60195B54EB004657B2 /* DDXMLNode.m */ = {isa = PBXFileReference; fileEncoding = 4; lastKnownFileType = sourcecode.c.objc; path = DDXMLNode.m; sourceTree = "<group>"; };
		645A1B62195B54EB004657B2 /* DDXMLPrivate.h */ = {isa = PBXFileReference; fileEncoding = 4; lastKnownFileType = sourcecode.c.h; path = DDXMLPrivate.h; sourceTree = "<group>"; };
		645A1B68195B5A72004657B2 /* PPDatabaseManager.h */ = {isa = PBXFileReference; fileEncoding = 4; lastKnownFileType = sourcecode.c.h; path = PPDatabaseManager.h; sourceTree = "<group>"; };
		645A1B69195B5A72004657B2 /* PPDatabaseManager.m */ = {isa = PBXFileReference; fileEncoding = 4; lastKnownFileType = sourcecode.c.objc; path = PPDatabaseManager.m; sourceTree = "<group>"; };
		645A1B6E195C887F004657B2 /* quotes.plist */ = {isa = PBXFileReference; fileEncoding = 4; lastKnownFileType = text.plist.xml; path = quotes.plist; sourceTree = "<group>"; };
		645A1B70195CA99C004657B2 /* PPMessagesComposeViewController.h */ = {isa = PBXFileReference; fileEncoding = 4; lastKnownFileType = sourcecode.c.h; path = PPMessagesComposeViewController.h; sourceTree = "<group>"; };
		645A1B71195CA99C004657B2 /* PPMessagesComposeViewController.m */ = {isa = PBXFileReference; fileEncoding = 4; lastKnownFileType = sourcecode.c.objc; path = PPMessagesComposeViewController.m; sourceTree = "<group>"; };
		645A1B73195D2FC1004657B2 /* PPMessagesWorkInProgressViewController.h */ = {isa = PBXFileReference; fileEncoding = 4; lastKnownFileType = sourcecode.c.h; path = PPMessagesWorkInProgressViewController.h; sourceTree = "<group>"; };
		645A1B74195D2FC1004657B2 /* PPMessagesWorkInProgressViewController.m */ = {isa = PBXFileReference; fileEncoding = 4; lastKnownFileType = sourcecode.c.objc; path = PPMessagesWorkInProgressViewController.m; sourceTree = "<group>"; };
		645A1B76195D2FDE004657B2 /* PPMessagesSavedViewController.h */ = {isa = PBXFileReference; fileEncoding = 4; lastKnownFileType = sourcecode.c.h; path = PPMessagesSavedViewController.h; sourceTree = "<group>"; };
		645A1B77195D2FDE004657B2 /* PPMessagesSavedViewController.m */ = {isa = PBXFileReference; fileEncoding = 4; lastKnownFileType = sourcecode.c.objc; path = PPMessagesSavedViewController.m; sourceTree = "<group>"; };
		64763E92196201F300C757CE /* messageButton.png */ = {isa = PBXFileReference; lastKnownFileType = image.png; path = messageButton.png; sourceTree = "<group>"; };
		64763E941962024A00C757CE /* palsButton.png */ = {isa = PBXFileReference; lastKnownFileType = image.png; path = palsButton.png; sourceTree = "<group>"; };
		64763E96196204AE00C757CE /* backButton.png */ = {isa = PBXFileReference; lastKnownFileType = image.png; path = backButton.png; sourceTree = "<group>"; };
		64763E981962057B00C757CE /* searchPalsButton.png */ = {isa = PBXFileReference; lastKnownFileType = image.png; path = searchPalsButton.png; sourceTree = "<group>"; };
		648153791953AB7200D0B3F0 /* SWRevealViewController.h */ = {isa = PBXFileReference; fileEncoding = 4; lastKnownFileType = sourcecode.c.h; path = SWRevealViewController.h; sourceTree = "<group>"; };
		6481537A1953AB7200D0B3F0 /* SWRevealViewController.m */ = {isa = PBXFileReference; fileEncoding = 4; lastKnownFileType = sourcecode.c.objc; path = SWRevealViewController.m; sourceTree = "<group>"; };
		6481537C1953ABBB00D0B3F0 /* PPMessagesMainViewController.h */ = {isa = PBXFileReference; fileEncoding = 4; lastKnownFileType = sourcecode.c.h; path = PPMessagesMainViewController.h; sourceTree = "<group>"; };
		6481537D1953ABBB00D0B3F0 /* PPMessagesMainViewController.m */ = {isa = PBXFileReference; fileEncoding = 4; lastKnownFileType = sourcecode.c.objc; path = PPMessagesMainViewController.m; sourceTree = "<group>"; };
		6481537F1953ABCC00D0B3F0 /* PPMessagesMenuViewController.h */ = {isa = PBXFileReference; fileEncoding = 4; lastKnownFileType = sourcecode.c.h; path = PPMessagesMenuViewController.h; sourceTree = "<group>"; };
		648153801953ABCC00D0B3F0 /* PPMessagesMenuViewController.m */ = {isa = PBXFileReference; fileEncoding = 4; lastKnownFileType = sourcecode.c.objc; path = PPMessagesMenuViewController.m; sourceTree = "<group>"; };
		648153851953BEF500D0B3F0 /* menu.png */ = {isa = PBXFileReference; lastKnownFileType = image.png; path = menu.png; sourceTree = "<group>"; };
		648153861953BEF500D0B3F0 /* menu@2x.png */ = {isa = PBXFileReference; lastKnownFileType = image.png; path = "menu@2x.png"; sourceTree = "<group>"; };
		6481538D1953E86F00D0B3F0 /* Noteworthy.ttc */ = {isa = PBXFileReference; lastKnownFileType = file; path = Noteworthy.ttc; sourceTree = "<group>"; };
		6487B433194FAAE500F526E4 /* CFNetwork.framework */ = {isa = PBXFileReference; lastKnownFileType = wrapper.framework; name = CFNetwork.framework; path = System/Library/Frameworks/CFNetwork.framework; sourceTree = SDKROOT; };
		6487B435194FAAF200F526E4 /* Security.framework */ = {isa = PBXFileReference; lastKnownFileType = wrapper.framework; name = Security.framework; path = System/Library/Frameworks/Security.framework; sourceTree = SDKROOT; };
		6487B4A8194FAC6400F526E4 /* libresolv.dylib */ = {isa = PBXFileReference; lastKnownFileType = "compiled.mach-o.dylib"; name = libresolv.dylib; path = usr/lib/libresolv.dylib; sourceTree = SDKROOT; };
		6489856F1954CE66004C0286 /* PPPalsViewController.h */ = {isa = PBXFileReference; fileEncoding = 4; lastKnownFileType = sourcecode.c.h; path = PPPalsViewController.h; sourceTree = "<group>"; };
		648985701954CE66004C0286 /* PPPalsViewController.m */ = {isa = PBXFileReference; fileEncoding = 4; lastKnownFileType = sourcecode.c.objc; path = PPPalsViewController.m; sourceTree = "<group>"; };
		648985751954FAF5004C0286 /* PPPalTableViewCell.h */ = {isa = PBXFileReference; fileEncoding = 4; lastKnownFileType = sourcecode.c.h; path = PPPalTableViewCell.h; sourceTree = "<group>"; };
		648985761954FAF5004C0286 /* PPPalTableViewCell.m */ = {isa = PBXFileReference; fileEncoding = 4; lastKnownFileType = sourcecode.c.objc; path = PPPalTableViewCell.m; sourceTree = "<group>"; };
		648C842F1963115E009872D9 /* MapKit.framework */ = {isa = PBXFileReference; lastKnownFileType = wrapper.framework; name = MapKit.framework; path = System/Library/Frameworks/MapKit.framework; sourceTree = SDKROOT; };
		648C843219631484009872D9 /* PPMessageLocation.h */ = {isa = PBXFileReference; fileEncoding = 4; lastKnownFileType = sourcecode.c.h; path = PPMessageLocation.h; sourceTree = "<group>"; };
		648C843319631484009872D9 /* PPMessageLocation.m */ = {isa = PBXFileReference; fileEncoding = 4; lastKnownFileType = sourcecode.c.objc; path = PPMessageLocation.m; sourceTree = "<group>"; };
		648C843919631ADC009872D9 /* mapPin.png */ = {isa = PBXFileReference; lastKnownFileType = image.png; path = mapPin.png; sourceTree = "<group>"; };
		648C843D196391EB009872D9 /* Login_Screen.png */ = {isa = PBXFileReference; lastKnownFileType = image.png; path = Login_Screen.png; sourceTree = "<group>"; };
		6492F33E195E398700F950AF /* PPMessagePopupView.h */ = {isa = PBXFileReference; fileEncoding = 4; lastKnownFileType = sourcecode.c.h; path = PPMessagePopupView.h; sourceTree = "<group>"; };
		6492F33F195E398700F950AF /* PPMessagePopupView.m */ = {isa = PBXFileReference; fileEncoding = 4; lastKnownFileType = sourcecode.c.objc; path = PPMessagePopupView.m; sourceTree = "<group>"; };
		6492F341195E39F700F950AF /* PPMessagePopupView.xib */ = {isa = PBXFileReference; fileEncoding = 4; lastKnownFileType = file.xib; path = PPMessagePopupView.xib; sourceTree = "<group>"; };
		6492F343195E5A8500F950AF /* PPReplyPopupView.h */ = {isa = PBXFileReference; fileEncoding = 4; lastKnownFileType = sourcecode.c.h; path = PPReplyPopupView.h; sourceTree = "<group>"; };
		6492F344195E5A8500F950AF /* PPReplyPopupView.m */ = {isa = PBXFileReference; fileEncoding = 4; lastKnownFileType = sourcecode.c.objc; path = PPReplyPopupView.m; sourceTree = "<group>"; };
		6492F346195E5A9E00F950AF /* PPReplyPopupView.xib */ = {isa = PBXFileReference; fileEncoding = 4; lastKnownFileType = file.xib; path = PPReplyPopupView.xib; sourceTree = "<group>"; };
		649547D1195657DE00349DC4 /* background.png */ = {isa = PBXFileReference; lastKnownFileType = image.png; path = background.png; sourceTree = "<group>"; };
		649547D719565BB100349DC4 /* languagesButton.png */ = {isa = PBXFileReference; lastKnownFileType = image.png; path = languagesButton.png; sourceTree = "<group>"; };
		649547E0195677B200349DC4 /* Base */ = {isa = PBXFileReference; lastKnownFileType = file.storyboard; name = Base; path = Base.lproj/Main_iPhone.storyboard; sourceTree = "<group>"; };
		649547E5195678D600349DC4 /* fr */ = {isa = PBXFileReference; lastKnownFileType = text.plist.strings; name = fr; path = fr.lproj/Main_iPad.strings; sourceTree = "<group>"; };
		649547E6195678D600349DC4 /* fr */ = {isa = PBXFileReference; lastKnownFileType = text.plist.strings; name = fr; path = fr.lproj/InfoPlist.strings; sourceTree = "<group>"; };
		649547E7195678D600349DC4 /* fr */ = {isa = PBXFileReference; lastKnownFileType = text.plist.strings; name = fr; path = fr.lproj/InfoPlist.strings; sourceTree = "<group>"; };
		649547E919567FEE00349DC4 /* Base */ = {isa = PBXFileReference; lastKnownFileType = file.xib; name = Base; path = Base.lproj/PPLanguageTableViewCell.xib; sourceTree = "<group>"; };
		649547F01956826A00349DC4 /* Base */ = {isa = PBXFileReference; lastKnownFileType = file.xib; name = Base; path = Base.lproj/PPPalTableViewCell.xib; sourceTree = "<group>"; };
		649547F7195682A700349DC4 /* Base */ = {isa = PBXFileReference; lastKnownFileType = file.xib; name = Base; path = Base.lproj/PPMessageTableViewCell.xib; sourceTree = "<group>"; };
		649548041956907600349DC4 /* PPFindPalsViewController.h */ = {isa = PBXFileReference; fileEncoding = 4; lastKnownFileType = sourcecode.c.h; path = PPFindPalsViewController.h; sourceTree = "<group>"; };
		649548051956907600349DC4 /* PPFindPalsViewController.m */ = {isa = PBXFileReference; fileEncoding = 4; lastKnownFileType = sourcecode.c.objc; path = PPFindPalsViewController.m; sourceTree = "<group>"; };
		64A1E88B19520AAC00620BA1 /* PPNavigationController.h */ = {isa = PBXFileReference; fileEncoding = 4; lastKnownFileType = sourcecode.c.h; path = PPNavigationController.h; sourceTree = "<group>"; };
		64A1E88C19520AAC00620BA1 /* PPNavigationController.m */ = {isa = PBXFileReference; fileEncoding = 4; lastKnownFileType = sourcecode.c.objc; path = PPNavigationController.m; sourceTree = "<group>"; };
		64A1E88F19520EB000620BA1 /* PPTopReplaceSegue.h */ = {isa = PBXFileReference; fileEncoding = 4; lastKnownFileType = sourcecode.c.h; path = PPTopReplaceSegue.h; sourceTree = "<group>"; };
		64A1E89019520EB000620BA1 /* PPTopReplaceSegue.m */ = {isa = PBXFileReference; fileEncoding = 4; lastKnownFileType = sourcecode.c.objc; path = PPTopReplaceSegue.m; sourceTree = "<group>"; };
		64A1E892195216F100620BA1 /* PPProfileViewController.h */ = {isa = PBXFileReference; fileEncoding = 4; lastKnownFileType = sourcecode.c.h; path = PPProfileViewController.h; sourceTree = "<group>"; };
		64A1E893195216F100620BA1 /* PPProfileViewController.m */ = {isa = PBXFileReference; fileEncoding = 4; lastKnownFileType = sourcecode.c.objc; path = PPProfileViewController.m; sourceTree = "<group>"; };
		64A1E8971952265700620BA1 /* PPMessageTableViewCell.h */ = {isa = PBXFileReference; fileEncoding = 4; lastKnownFileType = sourcecode.c.h; path = PPMessageTableViewCell.h; sourceTree = "<group>"; };
		64A1E8981952265700620BA1 /* PPMessageTableViewCell.m */ = {isa = PBXFileReference; fileEncoding = 4; lastKnownFileType = sourcecode.c.objc; path = PPMessageTableViewCell.m; sourceTree = "<group>"; };
		64AF9D7219575047007EF924 /* PPDataShare.h */ = {isa = PBXFileReference; fileEncoding = 4; lastKnownFileType = sourcecode.c.h; path = PPDataShare.h; sourceTree = "<group>"; };
		64AF9D7319575047007EF924 /* PPDataShare.m */ = {isa = PBXFileReference; fileEncoding = 4; lastKnownFileType = sourcecode.c.objc; path = PPDataShare.m; sourceTree = "<group>"; };
		64AF9D7519576F35007EF924 /* deletePalButton.png */ = {isa = PBXFileReference; lastKnownFileType = image.png; path = deletePalButton.png; sourceTree = "<group>"; };
		64AF9D7719576F3F007EF924 /* addPalButton.png */ = {isa = PBXFileReference; lastKnownFileType = image.png; path = addPalButton.png; sourceTree = "<group>"; };
		64AF9D7E19579BBB007EF924 /* PPBottomReplaceSegue.h */ = {isa = PBXFileReference; fileEncoding = 4; lastKnownFileType = sourcecode.c.h; path = PPBottomReplaceSegue.h; sourceTree = "<group>"; };
		64AF9D7F19579BBB007EF924 /* PPBottomReplaceSegue.m */ = {isa = PBXFileReference; fileEncoding = 4; lastKnownFileType = sourcecode.c.objc; path = PPBottomReplaceSegue.m; sourceTree = "<group>"; };
		64AF9D811957A449007EF924 /* PPRightReplaceSegue.h */ = {isa = PBXFileReference; fileEncoding = 4; lastKnownFileType = sourcecode.c.h; path = PPRightReplaceSegue.h; sourceTree = "<group>"; };
		64AF9D821957A449007EF924 /* PPRightReplaceSegue.m */ = {isa = PBXFileReference; fileEncoding = 4; lastKnownFileType = sourcecode.c.objc; path = PPRightReplaceSegue.m; sourceTree = "<group>"; };
		64AF9D841957AAC9007EF924 /* PPLeftReplaceSegue.h */ = {isa = PBXFileReference; fileEncoding = 4; lastKnownFileType = sourcecode.c.h; path = PPLeftReplaceSegue.h; sourceTree = "<group>"; };
		64AF9D851957AAC9007EF924 /* PPLeftReplaceSegue.m */ = {isa = PBXFileReference; fileEncoding = 4; lastKnownFileType = sourcecode.c.objc; path = PPLeftReplaceSegue.m; sourceTree = "<group>"; };
		64BFB6371944183300D11E88 /* Parler Pal.app */ = {isa = PBXFileReference; explicitFileType = wrapper.application; includeInIndex = 0; path = "Parler Pal.app"; sourceTree = BUILT_PRODUCTS_DIR; };
		64BFB63A1944183300D11E88 /* Foundation.framework */ = {isa = PBXFileReference; lastKnownFileType = wrapper.framework; name = Foundation.framework; path = System/Library/Frameworks/Foundation.framework; sourceTree = SDKROOT; };
		64BFB63C1944183300D11E88 /* CoreGraphics.framework */ = {isa = PBXFileReference; lastKnownFileType = wrapper.framework; name = CoreGraphics.framework; path = System/Library/Frameworks/CoreGraphics.framework; sourceTree = SDKROOT; };
		64BFB63E1944183300D11E88 /* UIKit.framework */ = {isa = PBXFileReference; lastKnownFileType = wrapper.framework; name = UIKit.framework; path = System/Library/Frameworks/UIKit.framework; sourceTree = SDKROOT; };
		64BFB6421944183300D11E88 /* Parler Pal-Info.plist */ = {isa = PBXFileReference; lastKnownFileType = text.plist.xml; path = "Parler Pal-Info.plist"; sourceTree = "<group>"; };
		64BFB6441944183300D11E88 /* en */ = {isa = PBXFileReference; lastKnownFileType = text.plist.strings; name = en; path = en.lproj/InfoPlist.strings; sourceTree = "<group>"; };
		64BFB6461944183300D11E88 /* main.m */ = {isa = PBXFileReference; lastKnownFileType = sourcecode.c.objc; path = main.m; sourceTree = "<group>"; };
		64BFB6481944183300D11E88 /* Parler Pal-Prefix.pch */ = {isa = PBXFileReference; lastKnownFileType = sourcecode.c.h; path = "Parler Pal-Prefix.pch"; sourceTree = "<group>"; };
		64BFB6491944183300D11E88 /* PPAppDelegate.h */ = {isa = PBXFileReference; lastKnownFileType = sourcecode.c.h; path = PPAppDelegate.h; sourceTree = "<group>"; };
		64BFB64A1944183300D11E88 /* PPAppDelegate.m */ = {isa = PBXFileReference; lastKnownFileType = sourcecode.c.objc; path = PPAppDelegate.m; sourceTree = "<group>"; };
		64BFB6501944183300D11E88 /* Base */ = {isa = PBXFileReference; lastKnownFileType = file.storyboard; name = Base; path = Base.lproj/Main_iPad.storyboard; sourceTree = "<group>"; };
		64BFB6521944183300D11E88 /* PPLoginViewController.h */ = {isa = PBXFileReference; lastKnownFileType = sourcecode.c.h; path = PPLoginViewController.h; sourceTree = "<group>"; };
		64BFB6531944183300D11E88 /* PPLoginViewController.m */ = {isa = PBXFileReference; lastKnownFileType = sourcecode.c.objc; path = PPLoginViewController.m; sourceTree = "<group>"; };
		64BFB6551944183300D11E88 /* Images.xcassets */ = {isa = PBXFileReference; lastKnownFileType = folder.assetcatalog; path = Images.xcassets; sourceTree = "<group>"; };
		64BFB65B1944183300D11E88 /* Parler PalTests.xctest */ = {isa = PBXFileReference; explicitFileType = wrapper.cfbundle; includeInIndex = 0; path = "Parler PalTests.xctest"; sourceTree = BUILT_PRODUCTS_DIR; };
		64BFB65C1944183300D11E88 /* XCTest.framework */ = {isa = PBXFileReference; lastKnownFileType = wrapper.framework; name = XCTest.framework; path = Library/Frameworks/XCTest.framework; sourceTree = DEVELOPER_DIR; };
		64BFB6641944183300D11E88 /* Parler PalTests-Info.plist */ = {isa = PBXFileReference; lastKnownFileType = text.plist.xml; path = "Parler PalTests-Info.plist"; sourceTree = "<group>"; };
		64BFB6661944183300D11E88 /* en */ = {isa = PBXFileReference; lastKnownFileType = text.plist.strings; name = en; path = en.lproj/InfoPlist.strings; sourceTree = "<group>"; };
		64BFB6681944183300D11E88 /* Parler_PalTests.m */ = {isa = PBXFileReference; lastKnownFileType = sourcecode.c.objc; path = Parler_PalTests.m; sourceTree = "<group>"; };
		64BFB672194429C500D11E88 /* PPMainViewController.h */ = {isa = PBXFileReference; fileEncoding = 4; lastKnownFileType = sourcecode.c.h; path = PPMainViewController.h; sourceTree = "<group>"; };
		64BFB673194429C500D11E88 /* PPMainViewController.m */ = {isa = PBXFileReference; fileEncoding = 4; lastKnownFileType = sourcecode.c.objc; path = PPMainViewController.m; sourceTree = "<group>"; };
		64F780CB195270F80028A8D6 /* PPLanguageTableViewCell.h */ = {isa = PBXFileReference; fileEncoding = 4; lastKnownFileType = sourcecode.c.h; path = PPLanguageTableViewCell.h; sourceTree = "<group>"; };
		64F780CC195270F80028A8D6 /* PPLanguageTableViewCell.m */ = {isa = PBXFileReference; fileEncoding = 4; lastKnownFileType = sourcecode.c.objc; path = PPLanguageTableViewCell.m; sourceTree = "<group>"; };
		64F780D0195272BB0028A8D6 /* PPLanguagesViewController.h */ = {isa = PBXFileReference; fileEncoding = 4; lastKnownFileType = sourcecode.c.h; path = PPLanguagesViewController.h; sourceTree = "<group>"; };
		64F780D1195272BB0028A8D6 /* PPLanguagesViewController.m */ = {isa = PBXFileReference; fileEncoding = 4; lastKnownFileType = sourcecode.c.objc; path = PPLanguagesViewController.m; sourceTree = "<group>"; };
		64F780D319527CBB0028A8D6 /* SupportedLanguages.plist */ = {isa = PBXFileReference; fileEncoding = 4; lastKnownFileType = text.plist.xml; path = SupportedLanguages.plist; sourceTree = "<group>"; };
		64FC11691958D61F00915A00 /* stripeBar.png */ = {isa = PBXFileReference; lastKnownFileType = image.png; path = stripeBar.png; sourceTree = "<group>"; };
		64FC116B1958D83700915A00 /* paper.png */ = {isa = PBXFileReference; lastKnownFileType = image.png; path = paper.png; sourceTree = "<group>"; };
/* End PBXFileReference section */

/* Begin PBXFrameworksBuildPhase section */
		64BFB6341944183300D11E88 /* Frameworks */ = {
			isa = PBXFrameworksBuildPhase;
			buildActionMask = 2147483647;
			files = (
				648C84301963115E009872D9 /* MapKit.framework in Frameworks */,
				6423F59B1951245900C14934 /* SystemConfiguration.framework in Frameworks */,
				6423F5991951245000C14934 /* StoreKit.framework in Frameworks */,
				6423F5971951244500C14934 /* QuartzCore.framework in Frameworks */,
				6423F5951951243E00C14934 /* MobileCoreServices.framework in Frameworks */,
				6423F5931951243600C14934 /* libz.dylib in Frameworks */,
				6423F5911951242D00C14934 /* CoreLocation.framework in Frameworks */,
				64BFB63D1944183300D11E88 /* CoreGraphics.framework in Frameworks */,
				6423F58F1951241C00C14934 /* AudioToolbox.framework in Frameworks */,
				6487B4A9194FAC6400F526E4 /* libresolv.dylib in Frameworks */,
				6487B436194FAAF200F526E4 /* Security.framework in Frameworks */,
				6487B434194FAAE500F526E4 /* CFNetwork.framework in Frameworks */,
				64BFB63F1944183300D11E88 /* UIKit.framework in Frameworks */,
				64BFB63B1944183300D11E88 /* Foundation.framework in Frameworks */,
			);
			runOnlyForDeploymentPostprocessing = 0;
		};
		64BFB6581944183300D11E88 /* Frameworks */ = {
			isa = PBXFrameworksBuildPhase;
			buildActionMask = 2147483647;
			files = (
				64BFB65D1944183300D11E88 /* XCTest.framework in Frameworks */,
				64BFB65F1944183300D11E88 /* UIKit.framework in Frameworks */,
				64BFB65E1944183300D11E88 /* Foundation.framework in Frameworks */,
			);
			runOnlyForDeploymentPostprocessing = 0;
		};
/* End PBXFrameworksBuildPhase section */

/* Begin PBXGroup section */
		6423F59F195126FD00C14934 /* View Controllers */ = {
			isa = PBXGroup;
			children = (
				648153721953A87100D0B3F0 /* MessagesViewControllers */,
				64A1E88B19520AAC00620BA1 /* PPNavigationController.h */,
				64A1E88C19520AAC00620BA1 /* PPNavigationController.m */,
				6423F59C195126F900C14934 /* PPUserRegistrationViewController.h */,
				6423F59D195126F900C14934 /* PPUserRegistrationViewController.m */,
				64BFB672194429C500D11E88 /* PPMainViewController.h */,
				64BFB673194429C500D11E88 /* PPMainViewController.m */,
				64BFB6521944183300D11E88 /* PPLoginViewController.h */,
				64BFB6531944183300D11E88 /* PPLoginViewController.m */,
				64A1E892195216F100620BA1 /* PPProfileViewController.h */,
				64A1E893195216F100620BA1 /* PPProfileViewController.m */,
				64F780D0195272BB0028A8D6 /* PPLanguagesViewController.h */,
				64F780D1195272BB0028A8D6 /* PPLanguagesViewController.m */,
				6489856F1954CE66004C0286 /* PPPalsViewController.h */,
				648985701954CE66004C0286 /* PPPalsViewController.m */,
				649548041956907600349DC4 /* PPFindPalsViewController.h */,
				649548051956907600349DC4 /* PPFindPalsViewController.m */,
			);
			name = "View Controllers";
			sourceTree = "<group>";
		};
		643434F51968C9B400600EF9 /* KeychainWrapper */ = {
			isa = PBXGroup;
			children = (
				643434F61968C9B400600EF9 /* KeychainItemWrapper.h */,
				643434F71968C9B400600EF9 /* KeychainItemWrapper.m */,
			);
			path = KeychainWrapper;
			sourceTree = "<group>";
		};
		645A1B32195B4F54004657B2 /* AFNetworking */ = {
			isa = PBXGroup;
			children = (
				645A1B33195B4F54004657B2 /* AFHTTPRequestOperation.h */,
				645A1B34195B4F54004657B2 /* AFHTTPRequestOperation.m */,
				645A1B35195B4F54004657B2 /* AFHTTPRequestOperationManager.h */,
				645A1B36195B4F54004657B2 /* AFHTTPRequestOperationManager.m */,
				645A1B37195B4F54004657B2 /* AFHTTPSessionManager.h */,
				645A1B38195B4F54004657B2 /* AFHTTPSessionManager.m */,
				645A1B39195B4F54004657B2 /* AFNetworking.h */,
				645A1B3A195B4F54004657B2 /* AFNetworkReachabilityManager.h */,
				645A1B3B195B4F54004657B2 /* AFNetworkReachabilityManager.m */,
				645A1B3C195B4F54004657B2 /* AFSecurityPolicy.h */,
				645A1B3D195B4F54004657B2 /* AFSecurityPolicy.m */,
				645A1B3E195B4F54004657B2 /* AFURLConnectionOperation.h */,
				645A1B3F195B4F54004657B2 /* AFURLConnectionOperation.m */,
				645A1B40195B4F54004657B2 /* AFURLRequestSerialization.h */,
				645A1B41195B4F54004657B2 /* AFURLRequestSerialization.m */,
				645A1B42195B4F54004657B2 /* AFURLResponseSerialization.h */,
				645A1B43195B4F54004657B2 /* AFURLResponseSerialization.m */,
				645A1B44195B4F54004657B2 /* AFURLSessionManager.h */,
				645A1B45195B4F54004657B2 /* AFURLSessionManager.m */,
			);
			path = AFNetworking;
			sourceTree = "<group>";
		};
		645A1B53195B54EB004657B2 /* KissXML */ = {
			isa = PBXGroup;
			children = (
				645A1B54195B54EB004657B2 /* Additions */,
				645A1B57195B54EB004657B2 /* Categories */,
				645A1B5A195B54EB004657B2 /* DDXML.h */,
				645A1B5B195B54EB004657B2 /* DDXMLDocument.h */,
				645A1B5C195B54EB004657B2 /* DDXMLDocument.m */,
				645A1B5D195B54EB004657B2 /* DDXMLElement.h */,
				645A1B5E195B54EB004657B2 /* DDXMLElement.m */,
				645A1B5F195B54EB004657B2 /* DDXMLNode.h */,
				645A1B60195B54EB004657B2 /* DDXMLNode.m */,
				645A1B61195B54EB004657B2 /* Private */,
			);
			path = KissXML;
			sourceTree = "<group>";
		};
		645A1B54195B54EB004657B2 /* Additions */ = {
			isa = PBXGroup;
			children = (
				645A1B55195B54EB004657B2 /* DDXMLElementAdditions.h */,
				645A1B56195B54EB004657B2 /* DDXMLElementAdditions.m */,
			);
			path = Additions;
			sourceTree = "<group>";
		};
		645A1B57195B54EB004657B2 /* Categories */ = {
			isa = PBXGroup;
			children = (
				645A1B58195B54EB004657B2 /* NSString+DDXML.h */,
				645A1B59195B54EB004657B2 /* NSString+DDXML.m */,
			);
			path = Categories;
			sourceTree = "<group>";
		};
		645A1B61195B54EB004657B2 /* Private */ = {
			isa = PBXGroup;
			children = (
				645A1B62195B54EB004657B2 /* DDXMLPrivate.h */,
			);
			path = Private;
			sourceTree = "<group>";
		};
		648153721953A87100D0B3F0 /* MessagesViewControllers */ = {
			isa = PBXGroup;
			children = (
				648153791953AB7200D0B3F0 /* SWRevealViewController.h */,
				6481537A1953AB7200D0B3F0 /* SWRevealViewController.m */,
				6481537C1953ABBB00D0B3F0 /* PPMessagesMainViewController.h */,
				6481537D1953ABBB00D0B3F0 /* PPMessagesMainViewController.m */,
				6481537F1953ABCC00D0B3F0 /* PPMessagesMenuViewController.h */,
				648153801953ABCC00D0B3F0 /* PPMessagesMenuViewController.m */,
				645A1B70195CA99C004657B2 /* PPMessagesComposeViewController.h */,
				645A1B71195CA99C004657B2 /* PPMessagesComposeViewController.m */,
				645A1B73195D2FC1004657B2 /* PPMessagesWorkInProgressViewController.h */,
				645A1B74195D2FC1004657B2 /* PPMessagesWorkInProgressViewController.m */,
				645A1B76195D2FDE004657B2 /* PPMessagesSavedViewController.h */,
				645A1B77195D2FDE004657B2 /* PPMessagesSavedViewController.m */,
			);
			name = MessagesViewControllers;
			sourceTree = "<group>";
		};
		648153891953BEF900D0B3F0 /* Images */ = {
			isa = PBXGroup;
			children = (
				641B80191958FF4F0064289F /* map2r.png */,
				641B801F195902C50064289F /* map3r.png */,
				641B80171958FE7D0064289F /* map1.png */,
				6433125D195F9C5800290E02 /* cellBG.png */,
				648C843919631ADC009872D9 /* mapPin.png */,
				648C843D196391EB009872D9 /* Login_Screen.png */,
				64FC116B1958D83700915A00 /* paper.png */,
				64FC11691958D61F00915A00 /* stripeBar.png */,
				64AF9D7D19579980007EF924 /* Buttons */,
				649547D1195657DE00349DC4 /* background.png */,
				648153851953BEF500D0B3F0 /* menu.png */,
				648153861953BEF500D0B3F0 /* menu@2x.png */,
			);
			name = Images;
			sourceTree = "<group>";
		};
		6481538C1953E86500D0B3F0 /* Fonts */ = {
			isa = PBXGroup;
			children = (
				6481538D1953E86F00D0B3F0 /* Noteworthy.ttc */,
			);
			name = Fonts;
			sourceTree = "<group>";
		};
		6489857A1954FE38004C0286 /* Table Cells */ = {
			isa = PBXGroup;
			children = (
				64A1E8971952265700620BA1 /* PPMessageTableViewCell.h */,
				64A1E8981952265700620BA1 /* PPMessageTableViewCell.m */,
				649547F8195682A700349DC4 /* PPMessageTableViewCell.xib */,
				64F780CB195270F80028A8D6 /* PPLanguageTableViewCell.h */,
				64F780CC195270F80028A8D6 /* PPLanguageTableViewCell.m */,
				649547EA19567FEE00349DC4 /* PPLanguageTableViewCell.xib */,
				648985751954FAF5004C0286 /* PPPalTableViewCell.h */,
				648985761954FAF5004C0286 /* PPPalTableViewCell.m */,
				649547F11956826A00349DC4 /* PPPalTableViewCell.xib */,
			);
			name = "Table Cells";
			sourceTree = "<group>";
		};
		648C843119631463009872D9 /* Custom Map Stuff */ = {
			isa = PBXGroup;
			children = (
				648C843219631484009872D9 /* PPMessageLocation.h */,
				648C843319631484009872D9 /* PPMessageLocation.m */,
			);
			name = "Custom Map Stuff";
			sourceTree = "<group>";
		};
		64A1E88E19520E6F00620BA1 /* Custom Segues */ = {
			isa = PBXGroup;
			children = (
				64A1E88F19520EB000620BA1 /* PPTopReplaceSegue.h */,
				64A1E89019520EB000620BA1 /* PPTopReplaceSegue.m */,
				64AF9D7E19579BBB007EF924 /* PPBottomReplaceSegue.h */,
				64AF9D7F19579BBB007EF924 /* PPBottomReplaceSegue.m */,
				64AF9D811957A449007EF924 /* PPRightReplaceSegue.h */,
				64AF9D821957A449007EF924 /* PPRightReplaceSegue.m */,
				64AF9D841957AAC9007EF924 /* PPLeftReplaceSegue.h */,
				64AF9D851957AAC9007EF924 /* PPLeftReplaceSegue.m */,
			);
			name = "Custom Segues";
			sourceTree = "<group>";
		};
		64A1E8951952260B00620BA1 /* Utilities */ = {
			isa = PBXGroup;
			children = (
				645A1B68195B5A72004657B2 /* PPDatabaseManager.h */,
				645A1B69195B5A72004657B2 /* PPDatabaseManager.m */,
				64AF9D7219575047007EF924 /* PPDataShare.h */,
				64AF9D7319575047007EF924 /* PPDataShare.m */,
			);
			name = Utilities;
			sourceTree = "<group>";
		};
		64A1E8961952262300620BA1 /* Custom Views */ = {
			isa = PBXGroup;
			children = (
				648C843119631463009872D9 /* Custom Map Stuff */,
				6489857A1954FE38004C0286 /* Table Cells */,
				6492F33E195E398700F950AF /* PPMessagePopupView.h */,
				6492F33F195E398700F950AF /* PPMessagePopupView.m */,
				6492F341195E39F700F950AF /* PPMessagePopupView.xib */,
				6492F343195E5A8500F950AF /* PPReplyPopupView.h */,
				6492F344195E5A8500F950AF /* PPReplyPopupView.m */,
				6492F346195E5A9E00F950AF /* PPReplyPopupView.xib */,
				64203A1C19610D5F00C652B2 /* PPProfilePopupView.h */,
				64203A1D19610D5F00C652B2 /* PPProfilePopupView.m */,
				64203A1A19610D2A00C652B2 /* PPProfilePopupView.xib */,
			);
			name = "Custom Views";
			sourceTree = "<group>";
		};
		64AF9D7D19579980007EF924 /* Buttons */ = {
			isa = PBXGroup;
			children = (
				6415FE731964A647002C3B7B /* recordButton.png */,
				6415FE741964A647002C3B7B /* stopButton.png */,
				6415FE751964A648002C3B7B /* playButton.png */,
				6415FE761964A648002C3B7B /* deleteButton.png */,
				64763E96196204AE00C757CE /* backButton.png */,
				64763E981962057B00C757CE /* searchPalsButton.png */,
				64763E941962024A00C757CE /* palsButton.png */,
				64763E92196201F300C757CE /* messageButton.png */,
				64AF9D7719576F3F007EF924 /* addPalButton.png */,
				64AF9D7519576F35007EF924 /* deletePalButton.png */,
				649547D719565BB100349DC4 /* languagesButton.png */,
			);
			name = Buttons;
			sourceTree = "<group>";
		};
		64BFB62E1944183300D11E88 = {
			isa = PBXGroup;
			children = (
				64BFB6401944183300D11E88 /* Parler Pal */,
				64BFB6621944183300D11E88 /* Parler PalTests */,
				64BFB6391944183300D11E88 /* Frameworks */,
				64BFB6381944183300D11E88 /* Products */,
			);
			sourceTree = "<group>";
		};
		64BFB6381944183300D11E88 /* Products */ = {
			isa = PBXGroup;
			children = (
				64BFB6371944183300D11E88 /* Parler Pal.app */,
				64BFB65B1944183300D11E88 /* Parler PalTests.xctest */,
			);
			name = Products;
			sourceTree = "<group>";
		};
		64BFB6391944183300D11E88 /* Frameworks */ = {
			isa = PBXGroup;
			children = (
				648C842F1963115E009872D9 /* MapKit.framework */,
				6423F59A1951245900C14934 /* SystemConfiguration.framework */,
				6423F5981951245000C14934 /* StoreKit.framework */,
				6423F5961951244500C14934 /* QuartzCore.framework */,
				6423F5941951243E00C14934 /* MobileCoreServices.framework */,
				6423F5921951243600C14934 /* libz.dylib */,
				6423F5901951242D00C14934 /* CoreLocation.framework */,
				6423F58E1951241C00C14934 /* AudioToolbox.framework */,
				6487B4A8194FAC6400F526E4 /* libresolv.dylib */,
				6487B435194FAAF200F526E4 /* Security.framework */,
				6487B433194FAAE500F526E4 /* CFNetwork.framework */,
				64BFB63A1944183300D11E88 /* Foundation.framework */,
				64BFB63C1944183300D11E88 /* CoreGraphics.framework */,
				64BFB63E1944183300D11E88 /* UIKit.framework */,
				64BFB65C1944183300D11E88 /* XCTest.framework */,
			);
			name = Frameworks;
			sourceTree = "<group>";
		};
		64BFB6401944183300D11E88 /* Parler Pal */ = {
			isa = PBXGroup;
			children = (
				643434F51968C9B400600EF9 /* KeychainWrapper */,
				645A1B53195B54EB004657B2 /* KissXML */,
				645A1B32195B4F54004657B2 /* AFNetworking */,
				64A1E8961952262300620BA1 /* Custom Views */,
				64A1E8951952260B00620BA1 /* Utilities */,
				64A1E88E19520E6F00620BA1 /* Custom Segues */,
				6423F59F195126FD00C14934 /* View Controllers */,
				64BFB6491944183300D11E88 /* PPAppDelegate.h */,
				64BFB64A1944183300D11E88 /* PPAppDelegate.m */,
				649547E1195677B200349DC4 /* Main_iPhone.storyboard */,
				64BFB64F1944183300D11E88 /* Main_iPad.storyboard */,
				64BFB6551944183300D11E88 /* Images.xcassets */,
				64BFB6411944183300D11E88 /* Supporting Files */,
			);
			path = "Parler Pal";
			sourceTree = "<group>";
		};
		64BFB6411944183300D11E88 /* Supporting Files */ = {
			isa = PBXGroup;
			children = (
				6481538C1953E86500D0B3F0 /* Fonts */,
				648153891953BEF900D0B3F0 /* Images */,
				64BFB6421944183300D11E88 /* Parler Pal-Info.plist */,
				64BFB6431944183300D11E88 /* InfoPlist.strings */,
				64BFB6461944183300D11E88 /* main.m */,
				64BFB6481944183300D11E88 /* Parler Pal-Prefix.pch */,
				64F780D319527CBB0028A8D6 /* SupportedLanguages.plist */,
				645A1B6E195C887F004657B2 /* quotes.plist */,
			);
			name = "Supporting Files";
			sourceTree = "<group>";
		};
		64BFB6621944183300D11E88 /* Parler PalTests */ = {
			isa = PBXGroup;
			children = (
				64BFB6681944183300D11E88 /* Parler_PalTests.m */,
				64BFB6631944183300D11E88 /* Supporting Files */,
			);
			path = "Parler PalTests";
			sourceTree = "<group>";
		};
		64BFB6631944183300D11E88 /* Supporting Files */ = {
			isa = PBXGroup;
			children = (
				64BFB6641944183300D11E88 /* Parler PalTests-Info.plist */,
				64BFB6651944183300D11E88 /* InfoPlist.strings */,
			);
			name = "Supporting Files";
			sourceTree = "<group>";
		};
/* End PBXGroup section */

/* Begin PBXNativeTarget section */
		64BFB6361944183300D11E88 /* Parler Pal */ = {
			isa = PBXNativeTarget;
			buildConfigurationList = 64BFB66C1944183300D11E88 /* Build configuration list for PBXNativeTarget "Parler Pal" */;
			buildPhases = (
				64BFB6331944183300D11E88 /* Sources */,
				64BFB6341944183300D11E88 /* Frameworks */,
				64BFB6351944183300D11E88 /* Resources */,
			);
			buildRules = (
			);
			dependencies = (
			);
			name = "Parler Pal";
			productName = "Parler Pal";
			productReference = 64BFB6371944183300D11E88 /* Parler Pal.app */;
			productType = "com.apple.product-type.application";
		};
		64BFB65A1944183300D11E88 /* Parler PalTests */ = {
			isa = PBXNativeTarget;
			buildConfigurationList = 64BFB66F1944183300D11E88 /* Build configuration list for PBXNativeTarget "Parler PalTests" */;
			buildPhases = (
				64BFB6571944183300D11E88 /* Sources */,
				64BFB6581944183300D11E88 /* Frameworks */,
				64BFB6591944183300D11E88 /* Resources */,
			);
			buildRules = (
			);
			dependencies = (
				64BFB6611944183300D11E88 /* PBXTargetDependency */,
			);
			name = "Parler PalTests";
			productName = "Parler PalTests";
			productReference = 64BFB65B1944183300D11E88 /* Parler PalTests.xctest */;
			productType = "com.apple.product-type.bundle.unit-test";
		};
/* End PBXNativeTarget section */

/* Begin PBXProject section */
		64BFB62F1944183300D11E88 /* Project object */ = {
			isa = PBXProject;
			attributes = {
				CLASSPREFIX = PP;
				LastUpgradeCheck = 0510;
				ORGANIZATIONNAME = AaronVizzini;
				TargetAttributes = {
					64BFB6361944183300D11E88 = {
						DevelopmentTeam = UUHH8XSF99;
					};
					64BFB65A1944183300D11E88 = {
						TestTargetID = 64BFB6361944183300D11E88;
					};
				};
			};
			buildConfigurationList = 64BFB6321944183300D11E88 /* Build configuration list for PBXProject "Parler Pal" */;
			compatibilityVersion = "Xcode 3.2";
			developmentRegion = English;
			hasScannedForEncodings = 0;
			knownRegions = (
				en,
				Base,
				fr,
			);
			mainGroup = 64BFB62E1944183300D11E88;
			productRefGroup = 64BFB6381944183300D11E88 /* Products */;
			projectDirPath = "";
			projectRoot = "";
			targets = (
				64BFB6361944183300D11E88 /* Parler Pal */,
				64BFB65A1944183300D11E88 /* Parler PalTests */,
			);
		};
/* End PBXProject section */

/* Begin PBXResourcesBuildPhase section */
		64BFB6351944183300D11E88 /* Resources */ = {
			isa = PBXResourcesBuildPhase;
			buildActionMask = 2147483647;
			files = (
				641B8020195902C50064289F /* map3r.png in Resources */,
				648153871953BEF500D0B3F0 /* menu.png in Resources */,
				6415FE7A1964A648002C3B7B /* deleteButton.png in Resources */,
				648C843A19631ADC009872D9 /* mapPin.png in Resources */,
				64763E991962057B00C757CE /* searchPalsButton.png in Resources */,
				64FC116A1958D61F00915A00 /* stripeBar.png in Resources */,
				64AF9D7819576F3F007EF924 /* addPalButton.png in Resources */,
				648C843E196391EB009872D9 /* Login_Screen.png in Resources */,
				64763E93196201F300C757CE /* messageButton.png in Resources */,
				64763E951962024A00C757CE /* palsButton.png in Resources */,
				6415FE781964A648002C3B7B /* stopButton.png in Resources */,
				6492F347195E5A9E00F950AF /* PPReplyPopupView.xib in Resources */,
				64203A1B19610D2A00C652B2 /* PPProfilePopupView.xib in Resources */,
				649547D2195657DE00349DC4 /* background.png in Resources */,
				649547D819565BB100349DC4 /* languagesButton.png in Resources */,
				649547DF195677B200349DC4 /* Main_iPhone.storyboard in Resources */,
				6492F342195E39F700F950AF /* PPMessagePopupView.xib in Resources */,
				64BFB6511944183300D11E88 /* Main_iPad.storyboard in Resources */,
				645A1B6F195C887F004657B2 /* quotes.plist in Resources */,
				6433125E195F9C5800290E02 /* cellBG.png in Resources */,
				649547E819567FEE00349DC4 /* PPLanguageTableViewCell.xib in Resources */,
				64BFB6561944183300D11E88 /* Images.xcassets in Resources */,
				648153881953BEF500D0B3F0 /* menu@2x.png in Resources */,
				649547EF1956826A00349DC4 /* PPPalTableViewCell.xib in Resources */,
				649547F6195682A700349DC4 /* PPMessageTableViewCell.xib in Resources */,
				641B801A1958FF4F0064289F /* map2r.png in Resources */,
				64BFB6451944183300D11E88 /* InfoPlist.strings in Resources */,
				6481538E1953E87F00D0B3F0 /* Noteworthy.ttc in Resources */,
				64FC116C1958D83800915A00 /* paper.png in Resources */,
				641B80181958FE7D0064289F /* map1.png in Resources */,
				6415FE771964A648002C3B7B /* recordButton.png in Resources */,
				64F780D419527CBB0028A8D6 /* SupportedLanguages.plist in Resources */,
				64AF9D7619576F35007EF924 /* deletePalButton.png in Resources */,
				6415FE791964A648002C3B7B /* playButton.png in Resources */,
				64763E97196204AE00C757CE /* backButton.png in Resources */,
			);
			runOnlyForDeploymentPostprocessing = 0;
		};
		64BFB6591944183300D11E88 /* Resources */ = {
			isa = PBXResourcesBuildPhase;
			buildActionMask = 2147483647;
			files = (
				64BFB6671944183300D11E88 /* InfoPlist.strings in Resources */,
			);
			runOnlyForDeploymentPostprocessing = 0;
		};
/* End PBXResourcesBuildPhase section */

/* Begin PBXSourcesBuildPhase section */
		64BFB6331944183300D11E88 /* Sources */ = {
			isa = PBXSourcesBuildPhase;
			buildActionMask = 2147483647;
			files = (
				645A1B46195B4F54004657B2 /* AFHTTPRequestOperation.m in Sources */,
				645A1B75195D2FC1004657B2 /* PPMessagesWorkInProgressViewController.m in Sources */,
				648985711954CE66004C0286 /* PPPalsViewController.m in Sources */,
				6481537B1953AB7200D0B3F0 /* SWRevealViewController.m in Sources */,
				645A1B64195B54EB004657B2 /* NSString+DDXML.m in Sources */,
				645A1B66195B54EB004657B2 /* DDXMLElement.m in Sources */,
				64A1E894195216F100620BA1 /* PPProfileViewController.m in Sources */,
				645A1B63195B54EB004657B2 /* DDXMLElementAdditions.m in Sources */,
				645A1B78195D2FDE004657B2 /* PPMessagesSavedViewController.m in Sources */,
				645A1B4D195B4F54004657B2 /* AFURLResponseSerialization.m in Sources */,
				64BFB674194429C500D11E88 /* PPMainViewController.m in Sources */,
				6481537E1953ABBB00D0B3F0 /* PPMessagesMainViewController.m in Sources */,
				64BFB64B1944183300D11E88 /* PPAppDelegate.m in Sources */,
				645A1B4B195B4F54004657B2 /* AFURLConnectionOperation.m in Sources */,
				645A1B47195B4F54004657B2 /* AFHTTPRequestOperationManager.m in Sources */,
				645A1B6A195B5A72004657B2 /* PPDatabaseManager.m in Sources */,
				645A1B65195B54EB004657B2 /* DDXMLDocument.m in Sources */,
				64F780CE195270F80028A8D6 /* PPLanguageTableViewCell.m in Sources */,
				648C843419631484009872D9 /* PPMessageLocation.m in Sources */,
				648985781954FAF5004C0286 /* PPPalTableViewCell.m in Sources */,
				64203A1E19610D5F00C652B2 /* PPProfilePopupView.m in Sources */,
				64A1E88D19520AAC00620BA1 /* PPNavigationController.m in Sources */,
				6492F340195E398700F950AF /* PPMessagePopupView.m in Sources */,
				64AF9D861957AAC9007EF924 /* PPLeftReplaceSegue.m in Sources */,
				6492F345195E5A8500F950AF /* PPReplyPopupView.m in Sources */,
				64AF9D831957A449007EF924 /* PPRightReplaceSegue.m in Sources */,
				645A1B4E195B4F54004657B2 /* AFURLSessionManager.m in Sources */,
				64A1E89A1952265700620BA1 /* PPMessageTableViewCell.m in Sources */,
				643434F81968C9B400600EF9 /* KeychainItemWrapper.m in Sources */,
				645A1B4A195B4F54004657B2 /* AFSecurityPolicy.m in Sources */,
				64BFB6541944183300D11E88 /* PPLoginViewController.m in Sources */,
				645A1B49195B4F54004657B2 /* AFNetworkReachabilityManager.m in Sources */,
				645A1B48195B4F54004657B2 /* AFHTTPSessionManager.m in Sources */,
				645A1B4C195B4F54004657B2 /* AFURLRequestSerialization.m in Sources */,
				645A1B67195B54EB004657B2 /* DDXMLNode.m in Sources */,
				64F780D2195272BB0028A8D6 /* PPLanguagesViewController.m in Sources */,
				648153811953ABCC00D0B3F0 /* PPMessagesMenuViewController.m in Sources */,
				6423F59E195126F900C14934 /* PPUserRegistrationViewController.m in Sources */,
				64AF9D8019579BBB007EF924 /* PPBottomReplaceSegue.m in Sources */,
				645A1B72195CA99C004657B2 /* PPMessagesComposeViewController.m in Sources */,
				64A1E89119520EB000620BA1 /* PPTopReplaceSegue.m in Sources */,
				649548061956907600349DC4 /* PPFindPalsViewController.m in Sources */,
				64BFB6471944183300D11E88 /* main.m in Sources */,
				64AF9D7419575047007EF924 /* PPDataShare.m in Sources */,
			);
			runOnlyForDeploymentPostprocessing = 0;
		};
		64BFB6571944183300D11E88 /* Sources */ = {
			isa = PBXSourcesBuildPhase;
			buildActionMask = 2147483647;
			files = (
				64BFB6691944183300D11E88 /* Parler_PalTests.m in Sources */,
			);
			runOnlyForDeploymentPostprocessing = 0;
		};
/* End PBXSourcesBuildPhase section */

/* Begin PBXTargetDependency section */
		64BFB6611944183300D11E88 /* PBXTargetDependency */ = {
			isa = PBXTargetDependency;
			target = 64BFB6361944183300D11E88 /* Parler Pal */;
			targetProxy = 64BFB6601944183300D11E88 /* PBXContainerItemProxy */;
		};
/* End PBXTargetDependency section */

/* Begin PBXVariantGroup section */
		649547E1195677B200349DC4 /* Main_iPhone.storyboard */ = {
			isa = PBXVariantGroup;
			children = (
				649547E0195677B200349DC4 /* Base */,
			);
			name = Main_iPhone.storyboard;
			sourceTree = "<group>";
		};
		649547EA19567FEE00349DC4 /* PPLanguageTableViewCell.xib */ = {
			isa = PBXVariantGroup;
			children = (
				649547E919567FEE00349DC4 /* Base */,
			);
			name = PPLanguageTableViewCell.xib;
			sourceTree = "<group>";
		};
		649547F11956826A00349DC4 /* PPPalTableViewCell.xib */ = {
			isa = PBXVariantGroup;
			children = (
				649547F01956826A00349DC4 /* Base */,
			);
			name = PPPalTableViewCell.xib;
			sourceTree = "<group>";
		};
		649547F8195682A700349DC4 /* PPMessageTableViewCell.xib */ = {
			isa = PBXVariantGroup;
			children = (
				649547F7195682A700349DC4 /* Base */,
			);
			name = PPMessageTableViewCell.xib;
			sourceTree = "<group>";
		};
		64BFB6431944183300D11E88 /* InfoPlist.strings */ = {
			isa = PBXVariantGroup;
			children = (
				64BFB6441944183300D11E88 /* en */,
				649547E6195678D600349DC4 /* fr */,
			);
			name = InfoPlist.strings;
			sourceTree = "<group>";
		};
		64BFB64F1944183300D11E88 /* Main_iPad.storyboard */ = {
			isa = PBXVariantGroup;
			children = (
				64BFB6501944183300D11E88 /* Base */,
				649547E5195678D600349DC4 /* fr */,
			);
			name = Main_iPad.storyboard;
			sourceTree = "<group>";
		};
		64BFB6651944183300D11E88 /* InfoPlist.strings */ = {
			isa = PBXVariantGroup;
			children = (
				64BFB6661944183300D11E88 /* en */,
				649547E7195678D600349DC4 /* fr */,
			);
			name = InfoPlist.strings;
			sourceTree = "<group>";
		};
/* End PBXVariantGroup section */

/* Begin XCBuildConfiguration section */
		64BFB66A1944183300D11E88 /* Debug */ = {
			isa = XCBuildConfiguration;
			buildSettings = {
				ALWAYS_SEARCH_USER_PATHS = NO;
				CLANG_CXX_LANGUAGE_STANDARD = "gnu++0x";
				CLANG_CXX_LIBRARY = "libc++";
				CLANG_ENABLE_MODULES = YES;
				CLANG_ENABLE_OBJC_ARC = YES;
				CLANG_WARN_BOOL_CONVERSION = YES;
				CLANG_WARN_CONSTANT_CONVERSION = YES;
				CLANG_WARN_DIRECT_OBJC_ISA_USAGE = YES_ERROR;
				CLANG_WARN_EMPTY_BODY = YES;
				CLANG_WARN_ENUM_CONVERSION = YES;
				CLANG_WARN_INT_CONVERSION = YES;
				CLANG_WARN_OBJC_ROOT_CLASS = YES_ERROR;
				CLANG_WARN__DUPLICATE_METHOD_MATCH = YES;
				"CODE_SIGN_IDENTITY[sdk=iphoneos*]" = "iPhone Developer";
				COPY_PHASE_STRIP = NO;
				GCC_C_LANGUAGE_STANDARD = gnu99;
				GCC_DYNAMIC_NO_PIC = NO;
				GCC_OPTIMIZATION_LEVEL = 0;
				GCC_PREPROCESSOR_DEFINITIONS = (
					"DEBUG=1",
					"$(inherited)",
				);
				GCC_SYMBOLS_PRIVATE_EXTERN = NO;
				GCC_WARN_64_TO_32_BIT_CONVERSION = YES;
				GCC_WARN_ABOUT_RETURN_TYPE = YES_ERROR;
				GCC_WARN_UNDECLARED_SELECTOR = YES;
				GCC_WARN_UNINITIALIZED_AUTOS = YES_AGGRESSIVE;
				GCC_WARN_UNUSED_FUNCTION = YES;
				GCC_WARN_UNUSED_VARIABLE = YES;
				IPHONEOS_DEPLOYMENT_TARGET = 7.1;
				ONLY_ACTIVE_ARCH = YES;
				SDKROOT = iphoneos;
				TARGETED_DEVICE_FAMILY = "1,2";
			};
			name = Debug;
		};
		64BFB66B1944183300D11E88 /* Release */ = {
			isa = XCBuildConfiguration;
			buildSettings = {
				ALWAYS_SEARCH_USER_PATHS = NO;
				CLANG_CXX_LANGUAGE_STANDARD = "gnu++0x";
				CLANG_CXX_LIBRARY = "libc++";
				CLANG_ENABLE_MODULES = YES;
				CLANG_ENABLE_OBJC_ARC = YES;
				CLANG_WARN_BOOL_CONVERSION = YES;
				CLANG_WARN_CONSTANT_CONVERSION = YES;
				CLANG_WARN_DIRECT_OBJC_ISA_USAGE = YES_ERROR;
				CLANG_WARN_EMPTY_BODY = YES;
				CLANG_WARN_ENUM_CONVERSION = YES;
				CLANG_WARN_INT_CONVERSION = YES;
				CLANG_WARN_OBJC_ROOT_CLASS = YES_ERROR;
				CLANG_WARN__DUPLICATE_METHOD_MATCH = YES;
				"CODE_SIGN_IDENTITY[sdk=iphoneos*]" = "iPhone Developer";
				COPY_PHASE_STRIP = YES;
				ENABLE_NS_ASSERTIONS = NO;
				GCC_C_LANGUAGE_STANDARD = gnu99;
				GCC_WARN_64_TO_32_BIT_CONVERSION = YES;
				GCC_WARN_ABOUT_RETURN_TYPE = YES_ERROR;
				GCC_WARN_UNDECLARED_SELECTOR = YES;
				GCC_WARN_UNINITIALIZED_AUTOS = YES_AGGRESSIVE;
				GCC_WARN_UNUSED_FUNCTION = YES;
				GCC_WARN_UNUSED_VARIABLE = YES;
				IPHONEOS_DEPLOYMENT_TARGET = 7.1;
				SDKROOT = iphoneos;
				TARGETED_DEVICE_FAMILY = "1,2";
				VALIDATE_PRODUCT = YES;
			};
			name = Release;
		};
		64BFB66D1944183300D11E88 /* Debug */ = {
			isa = XCBuildConfiguration;
			buildSettings = {
				ASSETCATALOG_COMPILER_APPICON_NAME = AppIcon;
				ASSETCATALOG_COMPILER_LAUNCHIMAGE_NAME = LaunchImage;
				CODE_SIGN_IDENTITY = "iPhone Developer";
				"CODE_SIGN_IDENTITY[sdk=iphoneos*]" = "iPhone Developer";
				FRAMEWORK_SEARCH_PATHS = (
					"$(inherited)",
					"$(PROJECT_DIR)",
				);
				GCC_PRECOMPILE_PREFIX_HEADER = YES;
				GCC_PREFIX_HEADER = "Parler Pal/Parler Pal-Prefix.pch";
				HEADER_SEARCH_PATHS = (
					"$(inherited)",
					/Applications/Xcode.app/Contents/Developer/Toolchains/XcodeDefault.xctoolchain/usr/include,
					/usr/include/libxml2,
				);
				INFOPLIST_FILE = "Parler Pal/Parler Pal-Info.plist";
				LIBRARY_SEARCH_PATHS = "";
				OTHER_LDFLAGS = "-lxml2";
				PRODUCT_NAME = "$(TARGET_NAME)";
				PROVISIONING_PROFILE = "";
				WRAPPER_EXTENSION = app;
			};
			name = Debug;
		};
		64BFB66E1944183300D11E88 /* Release */ = {
			isa = XCBuildConfiguration;
			buildSettings = {
				ASSETCATALOG_COMPILER_APPICON_NAME = AppIcon;
				ASSETCATALOG_COMPILER_LAUNCHIMAGE_NAME = LaunchImage;
				CODE_SIGN_IDENTITY = "iPhone Developer";
				"CODE_SIGN_IDENTITY[sdk=iphoneos*]" = "iPhone Developer";
				FRAMEWORK_SEARCH_PATHS = (
					"$(inherited)",
					"$(PROJECT_DIR)",
				);
				GCC_PRECOMPILE_PREFIX_HEADER = YES;
				GCC_PREFIX_HEADER = "Parler Pal/Parler Pal-Prefix.pch";
				HEADER_SEARCH_PATHS = (
					"$(inherited)",
					/Applications/Xcode.app/Contents/Developer/Toolchains/XcodeDefault.xctoolchain/usr/include,
					/usr/include/libxml2,
				);
				INFOPLIST_FILE = "Parler Pal/Parler Pal-Info.plist";
				LIBRARY_SEARCH_PATHS = "";
				OTHER_LDFLAGS = "-lxml2";
				PRODUCT_NAME = "$(TARGET_NAME)";
				PROVISIONING_PROFILE = "";
				WRAPPER_EXTENSION = app;
			};
			name = Release;
		};
		64BFB6701944183300D11E88 /* Debug */ = {
			isa = XCBuildConfiguration;
			buildSettings = {
				BUNDLE_LOADER = "$(BUILT_PRODUCTS_DIR)/Parler Pal.app/Parler Pal";
				FRAMEWORK_SEARCH_PATHS = (
					"$(SDKROOT)/Developer/Library/Frameworks",
					"$(inherited)",
					"$(DEVELOPER_FRAMEWORKS_DIR)",
				);
				GCC_PRECOMPILE_PREFIX_HEADER = YES;
				GCC_PREFIX_HEADER = "Parler Pal/Parler Pal-Prefix.pch";
				GCC_PREPROCESSOR_DEFINITIONS = (
					"DEBUG=1",
					"$(inherited)",
				);
				INFOPLIST_FILE = "Parler PalTests/Parler PalTests-Info.plist";
				PRODUCT_NAME = "$(TARGET_NAME)";
				TEST_HOST = "$(BUNDLE_LOADER)";
				WRAPPER_EXTENSION = xctest;
			};
			name = Debug;
		};
		64BFB6711944183300D11E88 /* Release */ = {
			isa = XCBuildConfiguration;
			buildSettings = {
				BUNDLE_LOADER = "$(BUILT_PRODUCTS_DIR)/Parler Pal.app/Parler Pal";
				FRAMEWORK_SEARCH_PATHS = (
					"$(SDKROOT)/Developer/Library/Frameworks",
					"$(inherited)",
					"$(DEVELOPER_FRAMEWORKS_DIR)",
				);
				GCC_PRECOMPILE_PREFIX_HEADER = YES;
				GCC_PREFIX_HEADER = "Parler Pal/Parler Pal-Prefix.pch";
				INFOPLIST_FILE = "Parler PalTests/Parler PalTests-Info.plist";
				PRODUCT_NAME = "$(TARGET_NAME)";
				TEST_HOST = "$(BUNDLE_LOADER)";
				WRAPPER_EXTENSION = xctest;
			};
			name = Release;
		};
/* End XCBuildConfiguration section */

/* Begin XCConfigurationList section */
		64BFB6321944183300D11E88 /* Build configuration list for PBXProject "Parler Pal" */ = {
			isa = XCConfigurationList;
			buildConfigurations = (
				64BFB66A1944183300D11E88 /* Debug */,
				64BFB66B1944183300D11E88 /* Release */,
			);
			defaultConfigurationIsVisible = 0;
			defaultConfigurationName = Release;
		};
		64BFB66C1944183300D11E88 /* Build configuration list for PBXNativeTarget "Parler Pal" */ = {
			isa = XCConfigurationList;
			buildConfigurations = (
				64BFB66D1944183300D11E88 /* Debug */,
				64BFB66E1944183300D11E88 /* Release */,
			);
			defaultConfigurationIsVisible = 0;
			defaultConfigurationName = Release;
		};
		64BFB66F1944183300D11E88 /* Build configuration list for PBXNativeTarget "Parler PalTests" */ = {
			isa = XCConfigurationList;
			buildConfigurations = (
				64BFB6701944183300D11E88 /* Debug */,
				64BFB6711944183300D11E88 /* Release */,
			);
			defaultConfigurationIsVisible = 0;
			defaultConfigurationName = Release;
		};
/* End XCConfigurationList section */
	};
	rootObject = 64BFB62F1944183300D11E88 /* Project object */;
}
